
Microsoft Visual Studio Solution File, Format Version 12.00
# Visual Studio Version 16
VisualStudioVersion = 16.0.32413.511
MinimumVisualStudioVersion = 10.0.40219.1
Project("{FAE04EC0-301F-11D3-BF4B-00C04F79EFBC}") = "AuthTesting", "AuthTesting.csproj", "{63448FA0-F1D3-4C04-B909-42C82A5DC600}"
EndProject
Project("{FAE04EC0-301F-11D3-BF4B-00C04F79EFBC}") = "AuthTests", "..\AuthTests\AuthTests.csproj", "{46D19A70-3BE6-4E9C-A676-EF678EAD049F}"
EndProject
Global
	GlobalSection(SolutionConfigurationPlatforms) = preSolution
		Debug|Any CPU = Debug|Any CPU
		Release|Any CPU = Release|Any CPU
	EndGlobalSection
	GlobalSection(ProjectConfigurationPlatforms) = postSolution
		{63448FA0-F1D3-4C04-B909-42C82A5DC600}.Debug|Any CPU.ActiveCfg = Debug|Any CPU
		{63448FA0-F1D3-4C04-B909-42C82A5DC600}.Debug|Any CPU.Build.0 = Debug|Any CPU
		{63448FA0-F1D3-4C04-B909-42C82A5DC600}.Release|Any CPU.ActiveCfg = Release|Any CPU
		{63448FA0-F1D3-4C04-B909-42C82A5DC600}.Release|Any CPU.Build.0 = Release|Any CPU
		{46D19A70-3BE6-4E9C-A676-EF678EAD049F}.Debug|Any CPU.ActiveCfg = Debug|Any CPU
		{46D19A70-3BE6-4E9C-A676-EF678EAD049F}.Debug|Any CPU.Build.0 = Debug|Any CPU
		{46D19A70-3BE6-4E9C-A676-EF678EAD049F}.Release|Any CPU.ActiveCfg = Release|Any CPU
		{46D19A70-3BE6-4E9C-A676-EF678EAD049F}.Release|Any CPU.Build.0 = Release|Any CPU
	EndGlobalSection
	GlobalSection(SolutionProperties) = preSolution
		HideSolutionNode = FALSE
	EndGlobalSection
	GlobalSection(ExtensibilityGlobals) = postSolution
		SolutionGuid = {871B19B7-AFC6-4F95-9EA0-BC08C17412B2}
	EndGlobalSection
EndGlobal
